{
  "nodes": {
    "ags": {
      "inputs": {
        "astal": "astal",
        "nixpkgs": [
          "status-bar",
          "nixpkgs"
        ]
      },
      "locked": {
        "lastModified": 1744557573,
        "narHash": "sha256-XAyj0iDuI51BytJ1PwN53uLpzTDdznPDQFG4RwihlTQ=",
        "owner": "aylur",
        "repo": "ags",
        "rev": "3ed9737bdbc8fc7a7c7ceef2165c9109f336bff6",
        "type": "github"
      },
      "original": {
        "owner": "aylur",
        "repo": "ags",
        "type": "github"
      }
    },
    "astal": {
      "inputs": {
        "nixpkgs": [
          "status-bar",
          "ags",
          "nixpkgs"
        ]
      },
      "locked": {
        "lastModified": 1742571008,
        "narHash": "sha256-5WgfJAeBpxiKbTR/gJvxrGYfqQRge5aUDcGKmU1YZ1Q=",
        "owner": "aylur",
        "repo": "astal",
        "rev": "dc0e5d37abe9424c53dcbd2506a4886ffee6296e",
        "type": "github"
      },
      "original": {
        "owner": "aylur",
        "repo": "astal",
        "type": "github"
      }
    },
    "custom-fonts": {
      "inputs": {
        "nixpkgs": [
          "nixpkgs"
        ]
      },
      "locked": {
        "path": "./fonts",
        "type": "path"
      },
      "original": {
        "path": "./fonts",
        "type": "path"
      },
      "parent": []
    },
    "flake-compat": {
      "flake": false,
      "locked": {
        "lastModified": 1747046372,
        "narHash": "sha256-CIVLLkVgvHYbgI2UpXvIIBJ12HWgX+fjA8Xf8PUmqCY=",
        "owner": "edolstra",
        "repo": "flake-compat",
        "rev": "9100a0f413b0c601e0533d1d94ffd501ce2e7885",
        "type": "github"
      },
      "original": {
        "owner": "edolstra",
        "repo": "flake-compat",
        "type": "github"
      }
    },
    "home-manager": {
      "inputs": {
        "nixpkgs": [
          "nixpkgs"
        ]
      },
      "locked": {
        "lastModified": 1756679287,
        "narHash": "sha256-Xd1vOeY9ccDf5VtVK12yM0FS6qqvfUop8UQlxEB+gTQ=",
        "owner": "nix-community",
        "repo": "home-manager",
        "rev": "07fc025fe10487dd80f2ec694f1cd790e752d0e8",
        "type": "github"
      },
      "original": {
        "owner": "nix-community",
        "ref": "release-25.05",
        "repo": "home-manager",
        "type": "github"
      }
    },
    "nixos-wsl": {
      "inputs": {
        "flake-compat": "flake-compat",
        "nixpkgs": "nixpkgs"
      },
      "locked": {
        "lastModified": 1755261305,
        "narHash": "sha256-EOqCupB5X5WoGVHVcfOZcqy0SbKWNuY3kq+lj1wHdu8=",
        "owner": "nix-community",
        "repo": "NixOS-WSL",
        "rev": "203a7b463f307c60026136dd1191d9001c43457f",
        "type": "github"
      },
      "original": {
        "owner": "nix-community",
        "ref": "main",
        "repo": "NixOS-WSL",
        "type": "github"
      }
    },
    "nixpkgs": {
      "locked": {
        "lastModified": 1754725699,
        "narHash": "sha256-iAcj9T/Y+3DBy2J0N+yF9XQQQ8IEb5swLFzs23CdP88=",
        "owner": "NixOS",
        "repo": "nixpkgs",
        "rev": "85dbfc7aaf52ecb755f87e577ddbe6dbbdbc1054",
        "type": "github"
      },
      "original": {
        "owner": "NixOS",
        "ref": "nixos-unstable",
        "repo": "nixpkgs",
        "type": "github"
      }
    },
    "nixpkgs_2": {
      "locked": {
        "lastModified": 1756754095,
        "narHash": "sha256-9Rsn9XEWINExosFkKEqdp8EI6Mujr1gmQiyrEcts2ls=",
        "owner": "nixos",
        "repo": "nixpkgs",
        "rev": "7c815e513adbf03c9098b2bd230c1e0525c8a7f9",
        "type": "github"
      },
      "original": {
        "owner": "nixos",
        "ref": "nixos-25.05",
        "repo": "nixpkgs",
        "type": "github"
      }
    },
    "root": {
      "inputs": {
        "custom-fonts": "custom-fonts",
        "home-manager": "home-manager",
        "nixos-wsl": "nixos-wsl",
        "nixpkgs": "nixpkgs_2",
        "sops-nix": "sops-nix",
        "status-bar": "status-bar"
      }
    },
    "sops-nix": {
      "inputs": {
        "nixpkgs": [
          "nixpkgs"
        ]
      },
      "locked": {
        "lastModified": 1754988908,
        "narHash": "sha256-t+voe2961vCgrzPFtZxha0/kmFSHFobzF00sT8p9h0U=",
        "owner": "Mic92",
        "repo": "sops-nix",
        "rev": "3223c7a92724b5d804e9988c6b447a0d09017d48",
        "type": "github"
      },
      "original": {
        "owner": "Mic92",
        "repo": "sops-nix",
        "type": "github"
      }
    },
    "status-bar": {
      "inputs": {
        "ags": "ags",
        "nixpkgs": [
          "nixpkgs"
        ]
      },
      "locked": {
        "path": "../astal",
        "type": "path"
      },
      "original": {
        "path": "../astal",
        "type": "path"
      },
      "parent": []
    }
  },
  "root": "root",
  "version": 7
}
